// !$*UTF8*$!
{
	archiveVersion = 1;
	classes = {
	};
	objectVersion = 46;
	objects = {

/* Begin PBXBuildFile section */
		E211B0311771D10C0068C9B7 /* CoreData.framework in Frameworks */ = {isa = PBXBuildFile; fileRef = E211B0301771D10C0068C9B7 /* CoreData.framework */; };
		E211B0331771D3370068C9B7 /* FacebookSDK.framework in Frameworks */ = {isa = PBXBuildFile; fileRef = E211B0321771D3370068C9B7 /* FacebookSDK.framework */; };
		E211B0351771D3500068C9B7 /* FacebookSDKResources.bundle in Resources */ = {isa = PBXBuildFile; fileRef = E211B0341771D3500068C9B7 /* FacebookSDKResources.bundle */; };
		E211B0361771D4480068C9B7 /* Foundation.framework in Frameworks */ = {isa = PBXBuildFile; fileRef = E211B02E1771D0490068C9B7 /* Foundation.framework */; };
		E211B0391771D4DB0068C9B7 /* Accounts.framework in Frameworks */ = {isa = PBXBuildFile; fileRef = E211B0371771D4DB0068C9B7 /* Accounts.framework */; };
		E211B03A1771D4DB0068C9B7 /* AdSupport.framework in Frameworks */ = {isa = PBXBuildFile; fileRef = E211B0381771D4DB0068C9B7 /* AdSupport.framework */; };
		E211B03D1771D53F0068C9B7 /* Security.framework in Frameworks */ = {isa = PBXBuildFile; fileRef = E211B03B1771D53F0068C9B7 /* Security.framework */; };
		E211B03E1771D53F0068C9B7 /* Social.framework in Frameworks */ = {isa = PBXBuildFile; fileRef = E211B03C1771D53F0068C9B7 /* Social.framework */; };
		E211B0401771D5620068C9B7 /* libsqlite3.dylib in Frameworks */ = {isa = PBXBuildFile; fileRef = E211B03F1771D5620068C9B7 /* libsqlite3.dylib */; };
		E23F926F17786E9D007C7FB9 /* 1-32.png in Resources */ = {isa = PBXBuildFile; fileRef = E23F925B17786E9D007C7FB9 /* 1-32.png */; };
		E23F927017786E9D007C7FB9 /* 10+-32.png in Resources */ = {isa = PBXBuildFile; fileRef = E23F925C17786E9D007C7FB9 /* 10+-32.png */; };
		E23F927117786E9D007C7FB9 /* 2-32.png in Resources */ = {isa = PBXBuildFile; fileRef = E23F925D17786E9D007C7FB9 /* 2-32.png */; };
		E23F927217786E9D007C7FB9 /* 3-32.png in Resources */ = {isa = PBXBuildFile; fileRef = E23F925E17786E9D007C7FB9 /* 3-32.png */; };
		E23F927317786E9D007C7FB9 /* 4-32.png in Resources */ = {isa = PBXBuildFile; fileRef = E23F925F17786E9D007C7FB9 /* 4-32.png */; };
		E23F927417786E9D007C7FB9 /* 5-32.png in Resources */ = {isa = PBXBuildFile; fileRef = E23F926017786E9D007C7FB9 /* 5-32.png */; };
		E23F927517786E9D007C7FB9 /* 6-32.png in Resources */ = {isa = PBXBuildFile; fileRef = E23F926117786E9D007C7FB9 /* 6-32.png */; };
		E23F927617786E9D007C7FB9 /* 7-32.png in Resources */ = {isa = PBXBuildFile; fileRef = E23F926217786E9D007C7FB9 /* 7-32.png */; };
		E23F927717786E9D007C7FB9 /* 8-32.png in Resources */ = {isa = PBXBuildFile; fileRef = E23F926317786E9D007C7FB9 /* 8-32.png */; };
		E23F927817786E9D007C7FB9 /* 9-32.png in Resources */ = {isa = PBXBuildFile; fileRef = E23F926417786E9D007C7FB9 /* 9-32.png */; };
		E23F927917786E9D007C7FB9 /* red1-32.png in Resources */ = {isa = PBXBuildFile; fileRef = E23F926517786E9D007C7FB9 /* red1-32.png */; };
		E23F927A17786E9D007C7FB9 /* red10+-32.png in Resources */ = {isa = PBXBuildFile; fileRef = E23F926617786E9D007C7FB9 /* red10+-32.png */; };
		E23F927B17786E9D007C7FB9 /* red2-32.png in Resources */ = {isa = PBXBuildFile; fileRef = E23F926717786E9D007C7FB9 /* red2-32.png */; };
		E23F927C17786E9D007C7FB9 /* red3-32.png in Resources */ = {isa = PBXBuildFile; fileRef = E23F926817786E9D007C7FB9 /* red3-32.png */; };
		E23F927D17786E9D007C7FB9 /* red4-32.png in Resources */ = {isa = PBXBuildFile; fileRef = E23F926917786E9D007C7FB9 /* red4-32.png */; };
		E23F927E17786E9D007C7FB9 /* red5-32.png in Resources */ = {isa = PBXBuildFile; fileRef = E23F926A17786E9D007C7FB9 /* red5-32.png */; };
		E23F927F17786E9D007C7FB9 /* red6-32.png in Resources */ = {isa = PBXBuildFile; fileRef = E23F926B17786E9D007C7FB9 /* red6-32.png */; };
		E23F928017786E9D007C7FB9 /* red7-32.png in Resources */ = {isa = PBXBuildFile; fileRef = E23F926C17786E9D007C7FB9 /* red7-32.png */; };
		E23F928117786E9D007C7FB9 /* red8-32.png in Resources */ = {isa = PBXBuildFile; fileRef = E23F926D17786E9D007C7FB9 /* red8-32.png */; };
		E23F928217786E9D007C7FB9 /* red9-32.png in Resources */ = {isa = PBXBuildFile; fileRef = E23F926E17786E9D007C7FB9 /* red9-32.png */; };
		E255C26E17738C6200E4E746 /* login-button-small.png in Resources */ = {isa = PBXBuildFile; fileRef = E255C26D17738C6200E4E746 /* login-button-small.png */; };
		E2961BCB176C3C5E001918DF /* UIKit.framework in Frameworks */ = {isa = PBXBuildFile; fileRef = E2961BCA176C3C5E001918DF /* UIKit.framework */; };
		E2961BCF176C3C5E001918DF /* CoreGraphics.framework in Frameworks */ = {isa = PBXBuildFile; fileRef = E2961BCE176C3C5E001918DF /* CoreGraphics.framework */; };
		E2961BD5176C3C5E001918DF /* InfoPlist.strings in Resources */ = {isa = PBXBuildFile; fileRef = E2961BD3176C3C5E001918DF /* InfoPlist.strings */; };
		E2961BD7176C3C5E001918DF /* main.m in Sources */ = {isa = PBXBuildFile; fileRef = E2961BD6176C3C5E001918DF /* main.m */; };
		E2961BDB176C3C5E001918DF /* SalsaNowAppDelegate.m in Sources */ = {isa = PBXBuildFile; fileRef = E2961BDA176C3C5E001918DF /* SalsaNowAppDelegate.m */; };
		E2961BDE176C3C5E001918DF /* SalsaNowViewController.m in Sources */ = {isa = PBXBuildFile; fileRef = E2961BDD176C3C5E001918DF /* SalsaNowViewController.m */; };
		E2961BE1176C3C5E001918DF /* SalsaNowViewController.xib in Resources */ = {isa = PBXBuildFile; fileRef = E2961BDF176C3C5E001918DF /* SalsaNowViewController.xib */; };
		E2961BE9176C3C5F001918DF /* SenTestingKit.framework in Frameworks */ = {isa = PBXBuildFile; fileRef = E2961BE8176C3C5F001918DF /* SenTestingKit.framework */; };
		E2961BEA176C3C5F001918DF /* UIKit.framework in Frameworks */ = {isa = PBXBuildFile; fileRef = E2961BCA176C3C5E001918DF /* UIKit.framework */; };
		E2961BF3176C3C5F001918DF /* InfoPlist.strings in Resources */ = {isa = PBXBuildFile; fileRef = E2961BF1176C3C5F001918DF /* InfoPlist.strings */; };
		E2961BF6176C3C5F001918DF /* WhatNowTests.m in Sources */ = {isa = PBXBuildFile; fileRef = E2961BF5176C3C5F001918DF /* WhatNowTests.m */; };
		E2961C00176C3C74001918DF /* GoogleMaps.framework in Frameworks */ = {isa = PBXBuildFile; fileRef = E2961BFF176C3C74001918DF /* GoogleMaps.framework */; };
		E2961C02176C3C7D001918DF /* GoogleMaps.bundle in Resources */ = {isa = PBXBuildFile; fileRef = E2961C01176C3C7D001918DF /* GoogleMaps.bundle */; };
		E2961C0E176C3D02001918DF /* AVFoundation.framework in Frameworks */ = {isa = PBXBuildFile; fileRef = E2961C03176C3D02001918DF /* AVFoundation.framework */; };
		E2961C10176C3D02001918DF /* CoreLocation.framework in Frameworks */ = {isa = PBXBuildFile; fileRef = E2961C05176C3D02001918DF /* CoreLocation.framework */; };
		E2961C11176C3D02001918DF /* GLKit.framework in Frameworks */ = {isa = PBXBuildFile; fileRef = E2961C06176C3D02001918DF /* GLKit.framework */; };
		E2961C12176C3D02001918DF /* ImageIO.framework in Frameworks */ = {isa = PBXBuildFile; fileRef = E2961C07176C3D02001918DF /* ImageIO.framework */; };
		E2961C13176C3D02001918DF /* libc++.dylib in Frameworks */ = {isa = PBXBuildFile; fileRef = E2961C08176C3D02001918DF /* libc++.dylib */; };
		E2961C14176C3D02001918DF /* libicucore.dylib in Frameworks */ = {isa = PBXBuildFile; fileRef = E2961C09176C3D02001918DF /* libicucore.dylib */; };
		E2961C15176C3D02001918DF /* libz.dylib in Frameworks */ = {isa = PBXBuildFile; fileRef = E2961C0A176C3D02001918DF /* libz.dylib */; };
		E2961C16176C3D02001918DF /* OpenGLES.framework in Frameworks */ = {isa = PBXBuildFile; fileRef = E2961C0B176C3D02001918DF /* OpenGLES.framework */; };
		E2961C17176C3D02001918DF /* QuartzCore.framework in Frameworks */ = {isa = PBXBuildFile; fileRef = E2961C0C176C3D02001918DF /* QuartzCore.framework */; };
		E2961C18176C3D02001918DF /* SystemConfiguration.framework in Frameworks */ = {isa = PBXBuildFile; fileRef = E2961C0D176C3D02001918DF /* SystemConfiguration.framework */; };
		E2961C1A176C8E54001918DF /* CoreText.framework in Frameworks */ = {isa = PBXBuildFile; fileRef = E2961C19176C8E54001918DF /* CoreText.framework */; };
		E2A080B8176CC7FB0063B8D1 /* Default-568h@2x.png in Resources */ = {isa = PBXBuildFile; fileRef = E2A080B7176CC7FB0063B8D1 /* Default-568h@2x.png */; };
		E2A4098E177325A3005D6A12 /* salsa-now.jpg in Resources */ = {isa = PBXBuildFile; fileRef = E2A4098D177325A3005D6A12 /* salsa-now.jpg */; };
/* End PBXBuildFile section */

/* Begin PBXContainerItemProxy section */
		E2961BEC176C3C5F001918DF /* PBXContainerItemProxy */ = {
			isa = PBXContainerItemProxy;
			containerPortal = E2961BBD176C3C5E001918DF /* Project object */;
			proxyType = 1;
			remoteGlobalIDString = E2961BC5176C3C5E001918DF;
			remoteInfo = WhatNow;
		};
/* End PBXContainerItemProxy section */

/* Begin PBXFileReference section */
		E211B02E1771D0490068C9B7 /* Foundation.framework */ = {isa = PBXFileReference; lastKnownFileType = wrapper.framework; name = Foundation.framework; path = System/Library/Frameworks/Foundation.framework; sourceTree = SDKROOT; };
		E211B0301771D10C0068C9B7 /* CoreData.framework */ = {isa = PBXFileReference; lastKnownFileType = wrapper.framework; name = CoreData.framework; path = System/Library/Frameworks/CoreData.framework; sourceTree = SDKROOT; };
		E211B0321771D3370068C9B7 /* FacebookSDK.framework */ = {isa = PBXFileReference; lastKnownFileType = wrapper.framework; path = FacebookSDK.framework; sourceTree = "<group>"; };
		E211B0341771D3500068C9B7 /* FacebookSDKResources.bundle */ = {isa = PBXFileReference; lastKnownFileType = "wrapper.plug-in"; path = FacebookSDKResources.bundle; sourceTree = "<group>"; };
		E211B0371771D4DB0068C9B7 /* Accounts.framework */ = {isa = PBXFileReference; lastKnownFileType = wrapper.framework; name = Accounts.framework; path = System/Library/Frameworks/Accounts.framework; sourceTree = SDKROOT; };
		E211B0381771D4DB0068C9B7 /* AdSupport.framework */ = {isa = PBXFileReference; lastKnownFileType = wrapper.framework; name = AdSupport.framework; path = System/Library/Frameworks/AdSupport.framework; sourceTree = SDKROOT; };
		E211B03B1771D53F0068C9B7 /* Security.framework */ = {isa = PBXFileReference; lastKnownFileType = wrapper.framework; name = Security.framework; path = System/Library/Frameworks/Security.framework; sourceTree = SDKROOT; };
		E211B03C1771D53F0068C9B7 /* Social.framework */ = {isa = PBXFileReference; lastKnownFileType = wrapper.framework; name = Social.framework; path = System/Library/Frameworks/Social.framework; sourceTree = SDKROOT; };
		E211B03F1771D5620068C9B7 /* libsqlite3.dylib */ = {isa = PBXFileReference; lastKnownFileType = "compiled.mach-o.dylib"; name = libsqlite3.dylib; path = usr/lib/libsqlite3.dylib; sourceTree = SDKROOT; };
		E23F925B17786E9D007C7FB9 /* 1-32.png */ = {isa = PBXFileReference; lastKnownFileType = image.png; path = "1-32.png"; sourceTree = "<group>"; };
		E23F925C17786E9D007C7FB9 /* 10+-32.png */ = {isa = PBXFileReference; lastKnownFileType = image.png; path = "10+-32.png"; sourceTree = "<group>"; };
		E23F925D17786E9D007C7FB9 /* 2-32.png */ = {isa = PBXFileReference; lastKnownFileType = image.png; path = "2-32.png"; sourceTree = "<group>"; };
		E23F925E17786E9D007C7FB9 /* 3-32.png */ = {isa = PBXFileReference; lastKnownFileType = image.png; path = "3-32.png"; sourceTree = "<group>"; };
		E23F925F17786E9D007C7FB9 /* 4-32.png */ = {isa = PBXFileReference; lastKnownFileType = image.png; path = "4-32.png"; sourceTree = "<group>"; };
		E23F926017786E9D007C7FB9 /* 5-32.png */ = {isa = PBXFileReference; lastKnownFileType = image.png; path = "5-32.png"; sourceTree = "<group>"; };
		E23F926117786E9D007C7FB9 /* 6-32.png */ = {isa = PBXFileReference; lastKnownFileType = image.png; path = "6-32.png"; sourceTree = "<group>"; };
		E23F926217786E9D007C7FB9 /* 7-32.png */ = {isa = PBXFileReference; lastKnownFileType = image.png; path = "7-32.png"; sourceTree = "<group>"; };
		E23F926317786E9D007C7FB9 /* 8-32.png */ = {isa = PBXFileReference; lastKnownFileType = image.png; path = "8-32.png"; sourceTree = "<group>"; };
		E23F926417786E9D007C7FB9 /* 9-32.png */ = {isa = PBXFileReference; lastKnownFileType = image.png; path = "9-32.png"; sourceTree = "<group>"; };
		E23F926517786E9D007C7FB9 /* red1-32.png */ = {isa = PBXFileReference; lastKnownFileType = image.png; path = "red1-32.png"; sourceTree = "<group>"; };
		E23F926617786E9D007C7FB9 /* red10+-32.png */ = {isa = PBXFileReference; lastKnownFileType = image.png; path = "red10+-32.png"; sourceTree = "<group>"; };
		E23F926717786E9D007C7FB9 /* red2-32.png */ = {isa = PBXFileReference; lastKnownFileType = image.png; path = "red2-32.png"; sourceTree = "<group>"; };
		E23F926817786E9D007C7FB9 /* red3-32.png */ = {isa = PBXFileReference; lastKnownFileType = image.png; path = "red3-32.png"; sourceTree = "<group>"; };
		E23F926917786E9D007C7FB9 /* red4-32.png */ = {isa = PBXFileReference; lastKnownFileType = image.png; path = "red4-32.png"; sourceTree = "<group>"; };
		E23F926A17786E9D007C7FB9 /* red5-32.png */ = {isa = PBXFileReference; lastKnownFileType = image.png; path = "red5-32.png"; sourceTree = "<group>"; };
		E23F926B17786E9D007C7FB9 /* red6-32.png */ = {isa = PBXFileReference; lastKnownFileType = image.png; path = "red6-32.png"; sourceTree = "<group>"; };
		E23F926C17786E9D007C7FB9 /* red7-32.png */ = {isa = PBXFileReference; lastKnownFileType = image.png; path = "red7-32.png"; sourceTree = "<group>"; };
		E23F926D17786E9D007C7FB9 /* red8-32.png */ = {isa = PBXFileReference; lastKnownFileType = image.png; path = "red8-32.png"; sourceTree = "<group>"; };
		E23F926E17786E9D007C7FB9 /* red9-32.png */ = {isa = PBXFileReference; lastKnownFileType = image.png; path = "red9-32.png"; sourceTree = "<group>"; };
		E255C26D17738C6200E4E746 /* login-button-small.png */ = {isa = PBXFileReference; lastKnownFileType = image.png; name = "login-button-small.png"; path = "FacebookSDKResources.bundle/FBLoginView/images/login-button-small.png"; sourceTree = "<group>"; };
		E2961BC6176C3C5E001918DF /* WhatNow.app */ = {isa = PBXFileReference; explicitFileType = wrapper.application; includeInIndex = 0; path = WhatNow.app; sourceTree = BUILT_PRODUCTS_DIR; };
		E2961BCA176C3C5E001918DF /* UIKit.framework */ = {isa = PBXFileReference; lastKnownFileType = wrapper.framework; name = UIKit.framework; path = System/Library/Frameworks/UIKit.framework; sourceTree = SDKROOT; };
		E2961BCE176C3C5E001918DF /* CoreGraphics.framework */ = {isa = PBXFileReference; lastKnownFileType = wrapper.framework; name = CoreGraphics.framework; path = System/Library/Frameworks/CoreGraphics.framework; sourceTree = SDKROOT; };
		E2961BD2176C3C5E001918DF /* WhatNow-Info.plist */ = {isa = PBXFileReference; lastKnownFileType = text.plist.xml; path = "WhatNow-Info.plist"; sourceTree = "<group>"; };
		E2961BD4176C3C5E001918DF /* en */ = {isa = PBXFileReference; lastKnownFileType = text.plist.strings; name = en; path = en.lproj/InfoPlist.strings; sourceTree = "<group>"; };
		E2961BD6176C3C5E001918DF /* main.m */ = {isa = PBXFileReference; lastKnownFileType = sourcecode.c.objc; path = main.m; sourceTree = "<group>"; };
		E2961BD8176C3C5E001918DF /* WhatNow-Prefix.pch */ = {isa = PBXFileReference; lastKnownFileType = sourcecode.c.h; path = "WhatNow-Prefix.pch"; sourceTree = "<group>"; };
		E2961BD9176C3C5E001918DF /* SalsaNowAppDelegate.h */ = {isa = PBXFileReference; lastKnownFileType = sourcecode.c.h; path = SalsaNowAppDelegate.h; sourceTree = "<group>"; };
		E2961BDA176C3C5E001918DF /* SalsaNowAppDelegate.m */ = {isa = PBXFileReference; lastKnownFileType = sourcecode.c.objc; path = SalsaNowAppDelegate.m; sourceTree = "<group>"; };
		E2961BDC176C3C5E001918DF /* SalsaNowViewController.h */ = {isa = PBXFileReference; lastKnownFileType = sourcecode.c.h; path = SalsaNowViewController.h; sourceTree = "<group>"; };
		E2961BDD176C3C5E001918DF /* SalsaNowViewController.m */ = {isa = PBXFileReference; lastKnownFileType = sourcecode.c.objc; path = SalsaNowViewController.m; sourceTree = "<group>"; };
		E2961BE0176C3C5E001918DF /* en */ = {isa = PBXFileReference; lastKnownFileType = file.xib; name = en; path = en.lproj/SalsaNowViewController.xib; sourceTree = "<group>"; };
		E2961BE7176C3C5F001918DF /* WhatNowTests.octest */ = {isa = PBXFileReference; explicitFileType = wrapper.cfbundle; includeInIndex = 0; path = WhatNowTests.octest; sourceTree = BUILT_PRODUCTS_DIR; };
		E2961BE8176C3C5F001918DF /* SenTestingKit.framework */ = {isa = PBXFileReference; lastKnownFileType = wrapper.framework; name = SenTestingKit.framework; path = Library/Frameworks/SenTestingKit.framework; sourceTree = DEVELOPER_DIR; };
		E2961BF0176C3C5F001918DF /* WhatNowTests-Info.plist */ = {isa = PBXFileReference; lastKnownFileType = text.plist.xml; path = "WhatNowTests-Info.plist"; sourceTree = "<group>"; };
		E2961BF2176C3C5F001918DF /* en */ = {isa = PBXFileReference; lastKnownFileType = text.plist.strings; name = en; path = en.lproj/InfoPlist.strings; sourceTree = "<group>"; };
		E2961BF4176C3C5F001918DF /* WhatNowTests.h */ = {isa = PBXFileReference; lastKnownFileType = sourcecode.c.h; path = WhatNowTests.h; sourceTree = "<group>"; };
		E2961BF5176C3C5F001918DF /* WhatNowTests.m */ = {isa = PBXFileReference; lastKnownFileType = sourcecode.c.objc; path = WhatNowTests.m; sourceTree = "<group>"; };
		E2961BFF176C3C74001918DF /* GoogleMaps.framework */ = {isa = PBXFileReference; lastKnownFileType = wrapper.framework; path = GoogleMaps.framework; sourceTree = "<group>"; };
		E2961C01176C3C7D001918DF /* GoogleMaps.bundle */ = {isa = PBXFileReference; lastKnownFileType = "wrapper.plug-in"; path = GoogleMaps.bundle; sourceTree = "<group>"; };
		E2961C03176C3D02001918DF /* AVFoundation.framework */ = {isa = PBXFileReference; lastKnownFileType = wrapper.framework; name = AVFoundation.framework; path = System/Library/Frameworks/AVFoundation.framework; sourceTree = SDKROOT; };
		E2961C05176C3D02001918DF /* CoreLocation.framework */ = {isa = PBXFileReference; lastKnownFileType = wrapper.framework; name = CoreLocation.framework; path = System/Library/Frameworks/CoreLocation.framework; sourceTree = SDKROOT; };
		E2961C06176C3D02001918DF /* GLKit.framework */ = {isa = PBXFileReference; lastKnownFileType = wrapper.framework; name = GLKit.framework; path = System/Library/Frameworks/GLKit.framework; sourceTree = SDKROOT; };
		E2961C07176C3D02001918DF /* ImageIO.framework */ = {isa = PBXFileReference; lastKnownFileType = wrapper.framework; name = ImageIO.framework; path = System/Library/Frameworks/ImageIO.framework; sourceTree = SDKROOT; };
		E2961C08176C3D02001918DF /* libc++.dylib */ = {isa = PBXFileReference; lastKnownFileType = "compiled.mach-o.dylib"; name = "libc++.dylib"; path = "usr/lib/libc++.dylib"; sourceTree = SDKROOT; };
		E2961C09176C3D02001918DF /* libicucore.dylib */ = {isa = PBXFileReference; lastKnownFileType = "compiled.mach-o.dylib"; name = libicucore.dylib; path = usr/lib/libicucore.dylib; sourceTree = SDKROOT; };
		E2961C0A176C3D02001918DF /* libz.dylib */ = {isa = PBXFileReference; lastKnownFileType = "compiled.mach-o.dylib"; name = libz.dylib; path = usr/lib/libz.dylib; sourceTree = SDKROOT; };
		E2961C0B176C3D02001918DF /* OpenGLES.framework */ = {isa = PBXFileReference; lastKnownFileType = wrapper.framework; name = OpenGLES.framework; path = System/Library/Frameworks/OpenGLES.framework; sourceTree = SDKROOT; };
		E2961C0C176C3D02001918DF /* QuartzCore.framework */ = {isa = PBXFileReference; lastKnownFileType = wrapper.framework; name = QuartzCore.framework; path = System/Library/Frameworks/QuartzCore.framework; sourceTree = SDKROOT; };
		E2961C0D176C3D02001918DF /* SystemConfiguration.framework */ = {isa = PBXFileReference; lastKnownFileType = wrapper.framework; name = SystemConfiguration.framework; path = System/Library/Frameworks/SystemConfiguration.framework; sourceTree = SDKROOT; };
		E2961C19176C8E54001918DF /* CoreText.framework */ = {isa = PBXFileReference; lastKnownFileType = wrapper.framework; name = CoreText.framework; path = System/Library/Frameworks/CoreText.framework; sourceTree = SDKROOT; };
		E2A080B7176CC7FB0063B8D1 /* Default-568h@2x.png */ = {isa = PBXFileReference; lastKnownFileType = image.png; path = "Default-568h@2x.png"; sourceTree = "<group>"; };
		E2A4098D177325A3005D6A12 /* salsa-now.jpg */ = {isa = PBXFileReference; lastKnownFileType = image.jpeg; path = "salsa-now.jpg"; sourceTree = "<group>"; };
/* End PBXFileReference section */

/* Begin PBXFrameworksBuildPhase section */
		E2961BC3176C3C5E001918DF /* Frameworks */ = {
			isa = PBXFrameworksBuildPhase;
			buildActionMask = 2147483647;
			files = (
				E211B0401771D5620068C9B7 /* libsqlite3.dylib in Frameworks */,
				E211B03D1771D53F0068C9B7 /* Security.framework in Frameworks */,
				E211B03E1771D53F0068C9B7 /* Social.framework in Frameworks */,
				E211B0391771D4DB0068C9B7 /* Accounts.framework in Frameworks */,
				E211B03A1771D4DB0068C9B7 /* AdSupport.framework in Frameworks */,
				E211B0361771D4480068C9B7 /* Foundation.framework in Frameworks */,
				E211B0311771D10C0068C9B7 /* CoreData.framework in Frameworks */,
				E2961BCF176C3C5E001918DF /* CoreGraphics.framework in Frameworks */,
				E2961BCB176C3C5E001918DF /* UIKit.framework in Frameworks */,
				E2961C0E176C3D02001918DF /* AVFoundation.framework in Frameworks */,
				E2961C10176C3D02001918DF /* CoreLocation.framework in Frameworks */,
				E2961C1A176C8E54001918DF /* CoreText.framework in Frameworks */,
				E2961C11176C3D02001918DF /* GLKit.framework in Frameworks */,
				E2961C12176C3D02001918DF /* ImageIO.framework in Frameworks */,
				E2961C13176C3D02001918DF /* libc++.dylib in Frameworks */,
				E2961C14176C3D02001918DF /* libicucore.dylib in Frameworks */,
				E2961C15176C3D02001918DF /* libz.dylib in Frameworks */,
				E2961C16176C3D02001918DF /* OpenGLES.framework in Frameworks */,
				E2961C17176C3D02001918DF /* QuartzCore.framework in Frameworks */,
				E2961C18176C3D02001918DF /* SystemConfiguration.framework in Frameworks */,
				E2961C00176C3C74001918DF /* GoogleMaps.framework in Frameworks */,
				E211B0331771D3370068C9B7 /* FacebookSDK.framework in Frameworks */,
			);
			runOnlyForDeploymentPostprocessing = 0;
		};
		E2961BE3176C3C5F001918DF /* Frameworks */ = {
			isa = PBXFrameworksBuildPhase;
			buildActionMask = 2147483647;
			files = (
				E2961BE9176C3C5F001918DF /* SenTestingKit.framework in Frameworks */,
				E2961BEA176C3C5F001918DF /* UIKit.framework in Frameworks */,
			);
			runOnlyForDeploymentPostprocessing = 0;
		};
/* End PBXFrameworksBuildPhase section */

/* Begin PBXGroup section */
		E23F925A17786E9D007C7FB9 /* images */ = {
			isa = PBXGroup;
			children = (
				E23F925B17786E9D007C7FB9 /* 1-32.png */,
				E23F925C17786E9D007C7FB9 /* 10+-32.png */,
				E23F925D17786E9D007C7FB9 /* 2-32.png */,
				E23F925E17786E9D007C7FB9 /* 3-32.png */,
				E23F925F17786E9D007C7FB9 /* 4-32.png */,
				E23F926017786E9D007C7FB9 /* 5-32.png */,
				E23F926117786E9D007C7FB9 /* 6-32.png */,
				E23F926217786E9D007C7FB9 /* 7-32.png */,
				E23F926317786E9D007C7FB9 /* 8-32.png */,
				E23F926417786E9D007C7FB9 /* 9-32.png */,
				E23F926517786E9D007C7FB9 /* red1-32.png */,
				E23F926617786E9D007C7FB9 /* red10+-32.png */,
				E23F926717786E9D007C7FB9 /* red2-32.png */,
				E23F926817786E9D007C7FB9 /* red3-32.png */,
				E23F926917786E9D007C7FB9 /* red4-32.png */,
				E23F926A17786E9D007C7FB9 /* red5-32.png */,
				E23F926B17786E9D007C7FB9 /* red6-32.png */,
				E23F926C17786E9D007C7FB9 /* red7-32.png */,
				E23F926D17786E9D007C7FB9 /* red8-32.png */,
				E23F926E17786E9D007C7FB9 /* red9-32.png */,
			);
			path = images;
			sourceTree = "<group>";
		};
		E2961BBB176C3C5E001918DF = {
			isa = PBXGroup;
			children = (
				E23F925A17786E9D007C7FB9 /* images */,
				E255C26D17738C6200E4E746 /* login-button-small.png */,
				E2A4098D177325A3005D6A12 /* salsa-now.jpg */,
				E211B03F1771D5620068C9B7 /* libsqlite3.dylib */,
				E211B03B1771D53F0068C9B7 /* Security.framework */,
				E211B03C1771D53F0068C9B7 /* Social.framework */,
				E211B0371771D4DB0068C9B7 /* Accounts.framework */,
				E211B0381771D4DB0068C9B7 /* AdSupport.framework */,
				E211B0301771D10C0068C9B7 /* CoreData.framework */,
				E211B02E1771D0490068C9B7 /* Foundation.framework */,
				E2A080B7176CC7FB0063B8D1 /* Default-568h@2x.png */,
				E2961BD0176C3C5E001918DF /* WhatNow */,
				E2961BEE176C3C5F001918DF /* WhatNowTests */,
				E2961BC9176C3C5E001918DF /* Frameworks */,
				E2961BC7176C3C5E001918DF /* Products */,
			);
			sourceTree = "<group>";
		};
		E2961BC7176C3C5E001918DF /* Products */ = {
			isa = PBXGroup;
			children = (
				E2961BC6176C3C5E001918DF /* WhatNow.app */,
				E2961BE7176C3C5F001918DF /* WhatNowTests.octest */,
			);
			name = Products;
			sourceTree = "<group>";
		};
		E2961BC9176C3C5E001918DF /* Frameworks */ = {
			isa = PBXGroup;
			children = (
				E211B0341771D3500068C9B7 /* FacebookSDKResources.bundle */,
				E211B0321771D3370068C9B7 /* FacebookSDK.framework */,
				E2961C03176C3D02001918DF /* AVFoundation.framework */,
				E2961BCE176C3C5E001918DF /* CoreGraphics.framework */,
				E2961C05176C3D02001918DF /* CoreLocation.framework */,
				E2961C19176C8E54001918DF /* CoreText.framework */,
				E2961C06176C3D02001918DF /* GLKit.framework */,
				E2961C01176C3C7D001918DF /* GoogleMaps.bundle */,
				E2961BFF176C3C74001918DF /* GoogleMaps.framework */,
				E2961C07176C3D02001918DF /* ImageIO.framework */,
				E2961C08176C3D02001918DF /* libc++.dylib */,
				E2961C09176C3D02001918DF /* libicucore.dylib */,
				E2961C0A176C3D02001918DF /* libz.dylib */,
				E2961C0B176C3D02001918DF /* OpenGLES.framework */,
				E2961C0C176C3D02001918DF /* QuartzCore.framework */,
				E2961BE8176C3C5F001918DF /* SenTestingKit.framework */,
				E2961C0D176C3D02001918DF /* SystemConfiguration.framework */,
				E2961BCA176C3C5E001918DF /* UIKit.framework */,
			);
			name = Frameworks;
			sourceTree = "<group>";
		};
		E2961BD0176C3C5E001918DF /* WhatNow */ = {
			isa = PBXGroup;
			children = (
				E2961BD9176C3C5E001918DF /* SalsaNowAppDelegate.h */,
				E2961BDA176C3C5E001918DF /* SalsaNowAppDelegate.m */,
				E2961BDC176C3C5E001918DF /* SalsaNowViewController.h */,
				E2961BDD176C3C5E001918DF /* SalsaNowViewController.m */,
				E2961BDF176C3C5E001918DF /* SalsaNowViewController.xib */,
				E2961BD1176C3C5E001918DF /* Supporting Files */,
			);
			path = WhatNow;
			sourceTree = "<group>";
		};
		E2961BD1176C3C5E001918DF /* Supporting Files */ = {
			isa = PBXGroup;
			children = (
				E2961BD2176C3C5E001918DF /* WhatNow-Info.plist */,
				E2961BD3176C3C5E001918DF /* InfoPlist.strings */,
				E2961BD6176C3C5E001918DF /* main.m */,
				E2961BD8176C3C5E001918DF /* WhatNow-Prefix.pch */,
			);
			name = "Supporting Files";
			sourceTree = "<group>";
		};
		E2961BEE176C3C5F001918DF /* WhatNowTests */ = {
			isa = PBXGroup;
			children = (
				E2961BF4176C3C5F001918DF /* WhatNowTests.h */,
				E2961BF5176C3C5F001918DF /* WhatNowTests.m */,
				E2961BEF176C3C5F001918DF /* Supporting Files */,
			);
			path = WhatNowTests;
			sourceTree = "<group>";
		};
		E2961BEF176C3C5F001918DF /* Supporting Files */ = {
			isa = PBXGroup;
			children = (
				E2961BF0176C3C5F001918DF /* WhatNowTests-Info.plist */,
				E2961BF1176C3C5F001918DF /* InfoPlist.strings */,
			);
			name = "Supporting Files";
			sourceTree = "<group>";
		};
/* End PBXGroup section */

/* Begin PBXNativeTarget section */
		E2961BC5176C3C5E001918DF /* WhatNow */ = {
			isa = PBXNativeTarget;
			buildConfigurationList = E2961BF9176C3C5F001918DF /* Build configuration list for PBXNativeTarget "WhatNow" */;
			buildPhases = (
				E2961BC2176C3C5E001918DF /* Sources */,
				E2961BC3176C3C5E001918DF /* Frameworks */,
				E2961BC4176C3C5E001918DF /* Resources */,
			);
			buildRules = (
			);
			dependencies = (
			);
			name = WhatNow;
			productName = WhatNow;
			productReference = E2961BC6176C3C5E001918DF /* WhatNow.app */;
			productType = "com.apple.product-type.application";
		};
		E2961BE6176C3C5F001918DF /* WhatNowTests */ = {
			isa = PBXNativeTarget;
			buildConfigurationList = E2961BFC176C3C5F001918DF /* Build configuration list for PBXNativeTarget "WhatNowTests" */;
			buildPhases = (
				E2961BE2176C3C5F001918DF /* Sources */,
				E2961BE3176C3C5F001918DF /* Frameworks */,
				E2961BE4176C3C5F001918DF /* Resources */,
				E2961BE5176C3C5F001918DF /* ShellScript */,
			);
			buildRules = (
			);
			dependencies = (
				E2961BED176C3C5F001918DF /* PBXTargetDependency */,
			);
			name = WhatNowTests;
			productName = WhatNowTests;
			productReference = E2961BE7176C3C5F001918DF /* WhatNowTests.octest */;
			productType = "com.apple.product-type.bundle";
		};
/* End PBXNativeTarget section */

/* Begin PBXProject section */
		E2961BBD176C3C5E001918DF /* Project object */ = {
			isa = PBXProject;
			attributes = {
				LastUpgradeCheck = 0460;
			};
			buildConfigurationList = E2961BC0176C3C5E001918DF /* Build configuration list for PBXProject "WhatNow" */;
			compatibilityVersion = "Xcode 3.2";
			developmentRegion = English;
			hasScannedForEncodings = 0;
			knownRegions = (
				en,
			);
			mainGroup = E2961BBB176C3C5E001918DF;
			productRefGroup = E2961BC7176C3C5E001918DF /* Products */;
			projectDirPath = "";
			projectRoot = "";
			targets = (
				E2961BC5176C3C5E001918DF /* WhatNow */,
				E2961BE6176C3C5F001918DF /* WhatNowTests */,
			);
		};
/* End PBXProject section */

/* Begin PBXResourcesBuildPhase section */
		E2961BC4176C3C5E001918DF /* Resources */ = {
			isa = PBXResourcesBuildPhase;
			buildActionMask = 2147483647;
			files = (
				E2961BD5176C3C5E001918DF /* InfoPlist.strings in Resources */,
				E2961BE1176C3C5E001918DF /* SalsaNowViewController.xib in Resources */,
				E2961C02176C3C7D001918DF /* GoogleMaps.bundle in Resources */,
				E2A080B8176CC7FB0063B8D1 /* Default-568h@2x.png in Resources */,
				E211B0351771D3500068C9B7 /* FacebookSDKResources.bundle in Resources */,
				E2A4098E177325A3005D6A12 /* salsa-now.jpg in Resources */,
				E255C26E17738C6200E4E746 /* login-button-small.png in Resources */,
				E23F926F17786E9D007C7FB9 /* 1-32.png in Resources */,
				E23F927017786E9D007C7FB9 /* 10+-32.png in Resources */,
				E23F927117786E9D007C7FB9 /* 2-32.png in Resources */,
				E23F927217786E9D007C7FB9 /* 3-32.png in Resources */,
				E23F927317786E9D007C7FB9 /* 4-32.png in Resources */,
				E23F927417786E9D007C7FB9 /* 5-32.png in Resources */,
				E23F927517786E9D007C7FB9 /* 6-32.png in Resources */,
				E23F927617786E9D007C7FB9 /* 7-32.png in Resources */,
				E23F927717786E9D007C7FB9 /* 8-32.png in Resources */,
				E23F927817786E9D007C7FB9 /* 9-32.png in Resources */,
				E23F927917786E9D007C7FB9 /* red1-32.png in Resources */,
				E23F927A17786E9D007C7FB9 /* red10+-32.png in Resources */,
				E23F927B17786E9D007C7FB9 /* red2-32.png in Resources */,
				E23F927C17786E9D007C7FB9 /* red3-32.png in Resources */,
				E23F927D17786E9D007C7FB9 /* red4-32.png in Resources */,
				E23F927E17786E9D007C7FB9 /* red5-32.png in Resources */,
				E23F927F17786E9D007C7FB9 /* red6-32.png in Resources */,
				E23F928017786E9D007C7FB9 /* red7-32.png in Resources */,
				E23F928117786E9D007C7FB9 /* red8-32.png in Resources */,
				E23F928217786E9D007C7FB9 /* red9-32.png in Resources */,
			);
			runOnlyForDeploymentPostprocessing = 0;
		};
		E2961BE4176C3C5F001918DF /* Resources */ = {
			isa = PBXResourcesBuildPhase;
			buildActionMask = 2147483647;
			files = (
				E2961BF3176C3C5F001918DF /* InfoPlist.strings in Resources */,
			);
			runOnlyForDeploymentPostprocessing = 0;
		};
/* End PBXResourcesBuildPhase section */

/* Begin PBXShellScriptBuildPhase section */
		E2961BE5176C3C5F001918DF /* ShellScript */ = {
			isa = PBXShellScriptBuildPhase;
			buildActionMask = 2147483647;
			files = (
			);
			inputPaths = (
			);
			outputPaths = (
			);
			runOnlyForDeploymentPostprocessing = 0;
			shellPath = /bin/sh;
			shellScript = "# Run the unit tests in this test bundle.\n\"${SYSTEM_DEVELOPER_DIR}/Tools/RunUnitTests\"\n";
		};
/* End PBXShellScriptBuildPhase section */

/* Begin PBXSourcesBuildPhase section */
		E2961BC2176C3C5E001918DF /* Sources */ = {
			isa = PBXSourcesBuildPhase;
			buildActionMask = 2147483647;
			files = (
				E2961BD7176C3C5E001918DF /* main.m in Sources */,
				E2961BDB176C3C5E001918DF /* SalsaNowAppDelegate.m in Sources */,
				E2961BDE176C3C5E001918DF /* SalsaNowViewController.m in Sources */,
			);
			runOnlyForDeploymentPostprocessing = 0;
		};
		E2961BE2176C3C5F001918DF /* Sources */ = {
			isa = PBXSourcesBuildPhase;
			buildActionMask = 2147483647;
			files = (
				E2961BF6176C3C5F001918DF /* WhatNowTests.m in Sources */,
			);
			runOnlyForDeploymentPostprocessing = 0;
		};
/* End PBXSourcesBuildPhase section */

/* Begin PBXTargetDependency section */
		E2961BED176C3C5F001918DF /* PBXTargetDependency */ = {
			isa = PBXTargetDependency;
			target = E2961BC5176C3C5E001918DF /* WhatNow */;
			targetProxy = E2961BEC176C3C5F001918DF /* PBXContainerItemProxy */;
		};
/* End PBXTargetDependency section */

/* Begin PBXVariantGroup section */
		E2961BD3176C3C5E001918DF /* InfoPlist.strings */ = {
			isa = PBXVariantGroup;
			children = (
				E2961BD4176C3C5E001918DF /* en */,
			);
			name = InfoPlist.strings;
			sourceTree = "<group>";
		};
		E2961BDF176C3C5E001918DF /* SalsaNowViewController.xib */ = {
			isa = PBXVariantGroup;
			children = (
				E2961BE0176C3C5E001918DF /* en */,
			);
			name = SalsaNowViewController.xib;
			sourceTree = "<group>";
		};
		E2961BF1176C3C5F001918DF /* InfoPlist.strings */ = {
			isa = PBXVariantGroup;
			children = (
				E2961BF2176C3C5F001918DF /* en */,
			);
			name = InfoPlist.strings;
			sourceTree = "<group>";
		};
/* End PBXVariantGroup section */

/* Begin XCBuildConfiguration section */
		E2961BF7176C3C5F001918DF /* Debug */ = {
			isa = XCBuildConfiguration;
			buildSettings = {
				ALWAYS_SEARCH_USER_PATHS = NO;
				ARCHS = (
					armv7,
					"$(ARCHS_STANDARD_32_BIT)",
				);
				CLANG_ENABLE_OBJC_ARC = YES;
				CLANG_WARN_CONSTANT_CONVERSION = YES;
				CLANG_WARN_ENUM_CONVERSION = YES;
				CLANG_WARN_INT_CONVERSION = YES;
				CLANG_WARN__DUPLICATE_METHOD_MATCH = YES;
				"CODE_SIGN_IDENTITY[sdk=iphoneos*]" = "iPhone Developer";
				COPY_PHASE_STRIP = NO;
				GCC_C_LANGUAGE_STANDARD = gnu99;
				GCC_DYNAMIC_NO_PIC = NO;
				GCC_OPTIMIZATION_LEVEL = 0;
				GCC_PREPROCESSOR_DEFINITIONS = (
					"DEBUG=1",
					"$(inherited)",
				);
				GCC_SYMBOLS_PRIVATE_EXTERN = NO;
				GCC_VERSION = com.apple.compilers.llvm.clang.1_0;
				GCC_WARN_ABOUT_MISSING_PROTOTYPES = YES;
				GCC_WARN_ABOUT_RETURN_TYPE = YES;
				GCC_WARN_UNINITIALIZED_AUTOS = YES;
				GCC_WARN_UNUSED_VARIABLE = YES;
				IPHONEOS_DEPLOYMENT_TARGET = 6.1;
				OTHER_LDFLAGS = "-ObjC";
				SDKROOT = iphoneos;
			};
			name = Debug;
		};
		E2961BF8176C3C5F001918DF /* Release */ = {
			isa = XCBuildConfiguration;
			buildSettings = {
				ALWAYS_SEARCH_USER_PATHS = NO;
				ARCHS = (
					armv7,
					"$(ARCHS_STANDARD_32_BIT)",
				);
				CLANG_ENABLE_OBJC_ARC = YES;
				CLANG_WARN_CONSTANT_CONVERSION = YES;
				CLANG_WARN_ENUM_CONVERSION = YES;
				CLANG_WARN_INT_CONVERSION = YES;
				CLANG_WARN__DUPLICATE_METHOD_MATCH = YES;
				"CODE_SIGN_IDENTITY[sdk=iphoneos*]" = "iPhone Developer";
				COPY_PHASE_STRIP = YES;
				GCC_C_LANGUAGE_STANDARD = gnu99;
				GCC_VERSION = com.apple.compilers.llvm.clang.1_0;
				GCC_WARN_ABOUT_MISSING_PROTOTYPES = YES;
				GCC_WARN_ABOUT_RETURN_TYPE = YES;
				GCC_WARN_UNINITIALIZED_AUTOS = YES;
				GCC_WARN_UNUSED_VARIABLE = YES;
				IPHONEOS_DEPLOYMENT_TARGET = 6.1;
				OTHER_CFLAGS = "-DNS_BLOCK_ASSERTIONS=1";
				OTHER_LDFLAGS = "-ObjC";
				SDKROOT = iphoneos;
				VALIDATE_PRODUCT = YES;
			};
			name = Release;
		};
		E2961BFA176C3C5F001918DF /* Debug */ = {
			isa = XCBuildConfiguration;
			buildSettings = {
				CLANG_ENABLE_OBJC_ARC = YES;
				FRAMEWORK_SEARCH_PATHS = (
					"$(inherited)",
					"\"$(SRCROOT)\"",
				);
				GCC_PRECOMPILE_PREFIX_HEADER = YES;
				GCC_PREFIX_HEADER = "WhatNow/WhatNow-Prefix.pch";
				INFOPLIST_FILE = "WhatNow/WhatNow-Info.plist";
				IPHONEOS_DEPLOYMENT_TARGET = 6.1;
				OTHER_LDFLAGS = "-ObjC";
				PRODUCT_NAME = "$(TARGET_NAME)";
				WRAPPER_EXTENSION = app;
			};
			name = Debug;
		};
		E2961BFB176C3C5F001918DF /* Release */ = {
			isa = XCBuildConfiguration;
			buildSettings = {
				CLANG_ENABLE_OBJC_ARC = YES;
				FRAMEWORK_SEARCH_PATHS = (
					"$(inherited)",
					"\"$(SRCROOT)\"",
				);
				GCC_PRECOMPILE_PREFIX_HEADER = YES;
				GCC_PREFIX_HEADER = "WhatNow/WhatNow-Prefix.pch";
				INFOPLIST_FILE = "WhatNow/WhatNow-Info.plist";
				IPHONEOS_DEPLOYMENT_TARGET = 6.1;
				OTHER_LDFLAGS = "-ObjC";
				PRODUCT_NAME = "$(TARGET_NAME)";
				WRAPPER_EXTENSION = app;
			};
			name = Release;
		};
		E2961BFD176C3C5F001918DF /* Debug */ = {
			isa = XCBuildConfiguration;
			buildSettings = {
				BUNDLE_LOADER = "$(BUILT_PRODUCTS_DIR)/WhatNow.app/WhatNow";
				FRAMEWORK_SEARCH_PATHS = (
					"$(SDKROOT)/Developer/Library/Frameworks",
					"$(DEVELOPER_LIBRARY_DIR)/Frameworks",
				);
				GCC_PRECOMPILE_PREFIX_HEADER = YES;
				GCC_PREFIX_HEADER = "WhatNow/WhatNow-Prefix.pch";
				INFOPLIST_FILE = "WhatNowTests/WhatNowTests-Info.plist";
				PRODUCT_NAME = "$(TARGET_NAME)";
				TEST_HOST = "$(BUNDLE_LOADER)";
				WRAPPER_EXTENSION = octest;
			};
			name = Debug;
		};
		E2961BFE176C3C5F001918DF /* Release */ = {
			isa = XCBuildConfiguration;
			buildSettings = {
				BUNDLE_LOADER = "$(BUILT_PRODUCTS_DIR)/WhatNow.app/WhatNow";
				FRAMEWORK_SEARCH_PATHS = (
					"$(SDKROOT)/Developer/Library/Frameworks",
					"$(DEVELOPER_LIBRARY_DIR)/Frameworks",
				);
				GCC_PRECOMPILE_PREFIX_HEADER = YES;
				GCC_PREFIX_HEADER = "WhatNow/WhatNow-Prefix.pch";
				INFOPLIST_FILE = "WhatNowTests/WhatNowTests-Info.plist";
				PRODUCT_NAME = "$(TARGET_NAME)";
				TEST_HOST = "$(BUNDLE_LOADER)";
				WRAPPER_EXTENSION = octest;
			};
			name = Release;
		};
/* End XCBuildConfiguration section */

/* Begin XCConfigurationList section */
		E2961BC0176C3C5E001918DF /* Build configuration list for PBXProject "WhatNow" */ = {
			isa = XCConfigurationList;
			buildConfigurations = (
				E2961BF7176C3C5F001918DF /* Debug */,
				E2961BF8176C3C5F001918DF /* Release */,
			);
			defaultConfigurationIsVisible = 0;
			defaultConfigurationName = Release;
		};
		E2961BF9176C3C5F001918DF /* Build configuration list for PBXNativeTarget "WhatNow" */ = {
			isa = XCConfigurationList;
			buildConfigurations = (
				E2961BFA176C3C5F001918DF /* Debug */,
				E2961BFB176C3C5F001918DF /* Release */,
			);
			defaultConfigurationIsVisible = 0;
			defaultConfigurationName = Release;
		};
		E2961BFC176C3C5F001918DF /* Build configuration list for PBXNativeTarget "WhatNowTests" */ = {
			isa = XCConfigurationList;
			buildConfigurations = (
				E2961BFD176C3C5F001918DF /* Debug */,
				E2961BFE176C3C5F001918DF /* Release */,
			);
			defaultConfigurationIsVisible = 0;
			defaultConfigurationName = Release;
		};
/* End XCConfigurationList section */
	};
	rootObject = E2961BBD176C3C5E001918DF /* Project object */;
}
